// !$*UTF8*$!
{
	archiveVersion = 1;
	classes = {
	};
	objectVersion = 46;
	objects = {

/* Begin PBXBuildFile section */
		93B5AF351A9FE3B100F3B79E /* AppDelegate.swift in Sources */ = {isa = PBXBuildFile; fileRef = 93B5AF341A9FE3B100F3B79E /* AppDelegate.swift */; };
		93B5AF371A9FE3B100F3B79E /* ViewController.swift in Sources */ = {isa = PBXBuildFile; fileRef = 93B5AF361A9FE3B100F3B79E /* ViewController.swift */; };
		93B5AF3A1A9FE3B100F3B79E /* Main.storyboard in Resources */ = {isa = PBXBuildFile; fileRef = 93B5AF381A9FE3B100F3B79E /* Main.storyboard */; };
		93B5AF3C1A9FE3B100F3B79E /* Images.xcassets in Resources */ = {isa = PBXBuildFile; fileRef = 93B5AF3B1A9FE3B100F3B79E /* Images.xcassets */; };
		93B5AF3F1A9FE3B200F3B79E /* LaunchScreen.xib in Resources */ = {isa = PBXBuildFile; fileRef = 93B5AF3D1A9FE3B200F3B79E /* LaunchScreen.xib */; };
		93B5AF4B1A9FE3B300F3B79E /* school_checkerTests.swift in Sources */ = {isa = PBXBuildFile; fileRef = 93B5AF4A1A9FE3B300F3B79E /* school_checkerTests.swift */; };
/* End PBXBuildFile section */

/* Begin PBXContainerItemProxy section */
		93B5AF451A9FE3B200F3B79E /* PBXContainerItemProxy */ = {
			isa = PBXContainerItemProxy;
			containerPortal = 93B5AF271A9FE3B100F3B79E /* Project object */;
			proxyType = 1;
			remoteGlobalIDString = 93B5AF2E1A9FE3B100F3B79E;
			remoteInfo = "school checker";
		};
/* End PBXContainerItemProxy section */

/* Begin PBXFileReference section */
		93B5AF2F1A9FE3B100F3B79E /* school checker.app */ = {isa = PBXFileReference; explicitFileType = wrapper.application; includeInIndex = 0; path = "school checker.app"; sourceTree = BUILT_PRODUCTS_DIR; };
		93B5AF331A9FE3B100F3B79E /* Info.plist */ = {isa = PBXFileReference; lastKnownFileType = text.plist.xml; path = Info.plist; sourceTree = "<group>"; };
		93B5AF341A9FE3B100F3B79E /* AppDelegate.swift */ = {isa = PBXFileReference; lastKnownFileType = sourcecode.swift; path = AppDelegate.swift; sourceTree = "<group>"; };
		93B5AF361A9FE3B100F3B79E /* ViewController.swift */ = {isa = PBXFileReference; lastKnownFileType = sourcecode.swift; path = ViewController.swift; sourceTree = "<group>"; };
		93B5AF391A9FE3B100F3B79E /* Base */ = {isa = PBXFileReference; lastKnownFileType = file.storyboard; name = Base; path = Base.lproj/Main.storyboard; sourceTree = "<group>"; };
		93B5AF3B1A9FE3B100F3B79E /* Images.xcassets */ = {isa = PBXFileReference; lastKnownFileType = folder.assetcatalog; path = Images.xcassets; sourceTree = "<group>"; };
		93B5AF3E1A9FE3B200F3B79E /* Base */ = {isa = PBXFileReference; lastKnownFileType = file.xib; name = Base; path = Base.lproj/LaunchScreen.xib; sourceTree = "<group>"; };
		93B5AF441A9FE3B200F3B79E /* school checkerTests.xctest */ = {isa = PBXFileReference; explicitFileType = wrapper.cfbundle; includeInIndex = 0; path = "school checkerTests.xctest"; sourceTree = BUILT_PRODUCTS_DIR; };
		93B5AF491A9FE3B200F3B79E /* Info.plist */ = {isa = PBXFileReference; lastKnownFileType = text.plist.xml; path = Info.plist; sourceTree = "<group>"; };
		93B5AF4A1A9FE3B300F3B79E /* school_checkerTests.swift */ = {isa = PBXFileReference; lastKnownFileType = sourcecode.swift; path = school_checkerTests.swift; sourceTree = "<group>"; };
/* End PBXFileReference section */

/* Begin PBXFrameworksBuildPhase section */
		93B5AF2C1A9FE3B100F3B79E /* Frameworks */ = {
			isa = PBXFrameworksBuildPhase;
			buildActionMask = 2147483647;
			files = (
			);
			runOnlyForDeploymentPostprocessing = 0;
		};
		93B5AF411A9FE3B200F3B79E /* Frameworks */ = {
			isa = PBXFrameworksBuildPhase;
			buildActionMask = 2147483647;
			files = (
			);
			runOnlyForDeploymentPostprocessing = 0;
		};
/* End PBXFrameworksBuildPhase section */

/* Begin PBXGroup section */
		93B5AF261A9FE3B100F3B79E = {
			isa = PBXGroup;
			children = (
				93B5AF311A9FE3B100F3B79E /* school checker */,
				93B5AF471A9FE3B200F3B79E /* school checkerTests */,
				93B5AF301A9FE3B100F3B79E /* Products */,
			);
			sourceTree = "<group>";
		};
		93B5AF301A9FE3B100F3B79E /* Products */ = {
			isa = PBXGroup;
			children = (
				93B5AF2F1A9FE3B100F3B79E /* school checker.app */,
				93B5AF441A9FE3B200F3B79E /* school checkerTests.xctest */,
			);
			name = Products;
			sourceTree = "<group>";
		};
		93B5AF311A9FE3B100F3B79E /* school checker */ = {
			isa = PBXGroup;
			children = (
				93B5AF341A9FE3B100F3B79E /* AppDelegate.swift */,
				93B5AF361A9FE3B100F3B79E /* ViewController.swift */,
				93B5AF381A9FE3B100F3B79E /* Main.storyboard */,
				93B5AF3B1A9FE3B100F3B79E /* Images.xcassets */,
				93B5AF3D1A9FE3B200F3B79E /* LaunchScreen.xib */,
				93B5AF321A9FE3B100F3B79E /* Supporting Files */,
			);
			path = "school checker";
			sourceTree = "<group>";
		};
		93B5AF321A9FE3B100F3B79E /* Supporting Files */ = {
			isa = PBXGroup;
			children = (
				93B5AF331A9FE3B100F3B79E /* Info.plist */,
			);
			name = "Supporting Files";
			sourceTree = "<group>";
		};
		93B5AF471A9FE3B200F3B79E /* school checkerTests */ = {
			isa = PBXGroup;
			children = (
				93B5AF4A1A9FE3B300F3B79E /* school_checkerTests.swift */,
				93B5AF481A9FE3B200F3B79E /* Supporting Files */,
			);
			path = "school checkerTests";
			sourceTree = "<group>";
		};
		93B5AF481A9FE3B200F3B79E /* Supporting Files */ = {
			isa = PBXGroup;
			children = (
				93B5AF491A9FE3B200F3B79E /* Info.plist */,
			);
			name = "Supporting Files";
			sourceTree = "<group>";
		};
/* End PBXGroup section */

/* Begin PBXNativeTarget section */
		93B5AF2E1A9FE3B100F3B79E /* school checker */ = {
			isa = PBXNativeTarget;
			buildConfigurationList = 93B5AF4E1A9FE3B300F3B79E /* Build configuration list for PBXNativeTarget "school checker" */;
			buildPhases = (
				93B5AF2B1A9FE3B100F3B79E /* Sources */,
				93B5AF2C1A9FE3B100F3B79E /* Frameworks */,
				93B5AF2D1A9FE3B100F3B79E /* Resources */,
			);
			buildRules = (
			);
			dependencies = (
			);
			name = "school checker";
			productName = "school checker";
			productReference = 93B5AF2F1A9FE3B100F3B79E /* school checker.app */;
			productType = "com.apple.product-type.application";
		};
		93B5AF431A9FE3B200F3B79E /* school checkerTests */ = {
			isa = PBXNativeTarget;
			buildConfigurationList = 93B5AF511A9FE3B300F3B79E /* Build configuration list for PBXNativeTarget "school checkerTests" */;
			buildPhases = (
				93B5AF401A9FE3B200F3B79E /* Sources */,
				93B5AF411A9FE3B200F3B79E /* Frameworks */,
				93B5AF421A9FE3B200F3B79E /* Resources */,
			);
			buildRules = (
			);
			dependencies = (
				93B5AF461A9FE3B200F3B79E /* PBXTargetDependency */,
			);
			name = "school checkerTests";
			productName = "school checkerTests";
			productReference = 93B5AF441A9FE3B200F3B79E /* school checkerTests.xctest */;
			productType = "com.apple.product-type.bundle.unit-test";
		};
/* End PBXNativeTarget section */

/* Begin PBXProject section */
		93B5AF271A9FE3B100F3B79E /* Project object */ = {
			isa = PBXProject;
			attributes = {
				LastUpgradeCheck = 0610;
				ORGANIZATIONNAME = "A.R.C softwere and enginering";
				TargetAttributes = {
					93B5AF2E1A9FE3B100F3B79E = {
						CreatedOnToolsVersion = 6.1.1;
					};
					93B5AF431A9FE3B200F3B79E = {
						CreatedOnToolsVersion = 6.1.1;
						TestTargetID = 93B5AF2E1A9FE3B100F3B79E;
					};
				};
			};
			buildConfigurationList = 93B5AF2A1A9FE3B100F3B79E /* Build configuration list for PBXProject "school checker" */;
			compatibilityVersion = "Xcode 3.2";
			developmentRegion = English;
			hasScannedForEncodings = 0;
			knownRegions = (
				en,
				Base,
			);
			mainGroup = 93B5AF261A9FE3B100F3B79E;
			productRefGroup = 93B5AF301A9FE3B100F3B79E /* Products */;
			projectDirPath = "";
			projectRoot = "";
			targets = (
				93B5AF2E1A9FE3B100F3B79E /* school checker */,
				93B5AF431A9FE3B200F3B79E /* school checkerTests */,
			);
		};
/* End PBXProject section */

/* Begin PBXResourcesBuildPhase section */
		93B5AF2D1A9FE3B100F3B79E /* Resources */ = {
			isa = PBXResourcesBuildPhase;
			buildActionMask = 2147483647;
			files = (
				93B5AF3A1A9FE3B100F3B79E /* Main.storyboard in Resources */,
				93B5AF3F1A9FE3B200F3B79E /* LaunchScreen.xib in Resources */,
				93B5AF3C1A9FE3B100F3B79E /* Images.xcassets in Resources */,
			);
			runOnlyForDeploymentPostprocessing = 0;
		};
		93B5AF421A9FE3B200F3B79E /* Resources */ = {
			isa = PBXResourcesBuildPhase;
			buildActionMask = 2147483647;
			files = (
			);
			runOnlyForDeploymentPostprocessing = 0;
		};
/* End PBXResourcesBuildPhase section */

/* Begin PBXSourcesBuildPhase section */
		93B5AF2B1A9FE3B100F3B79E /* Sources */ = {
			isa = PBXSourcesBuildPhase;
			buildActionMask = 2147483647;
			files = (
				93B5AF371A9FE3B100F3B79E /* ViewController.swift in Sources */,
				93B5AF351A9FE3B100F3B79E /* AppDelegate.swift in Sources */,
			);
			runOnlyForDeploymentPostprocessing = 0;
		};
		93B5AF401A9FE3B200F3B79E /* Sources */ = {
			isa = PBXSourcesBuildPhase;
			buildActionMask = 2147483647;
			files = (
				93B5AF4B1A9FE3B300F3B79E /* school_checkerTests.swift in Sources */,
			);
			runOnlyForDeploymentPostprocessing = 0;
		};
/* End PBXSourcesBuildPhase section */

/* Begin PBXTargetDependency section */
		93B5AF461A9FE3B200F3B79E /* PBXTargetDependency */ = {
			isa = PBXTargetDependency;
			target = 93B5AF2E1A9FE3B100F3B79E /* school checker */;
			targetProxy = 93B5AF451A9FE3B200F3B79E /* PBXContainerItemProxy */;
		};
/* End PBXTargetDependency section */

/* Begin PBXVariantGroup section */
		93B5AF381A9FE3B100F3B79E /* Main.storyboard */ = {
			isa = PBXVariantGroup;
			children = (
				93B5AF391A9FE3B100F3B79E /* Base */,
			);
			name = Main.storyboard;
			sourceTree = "<group>";
		};
		93B5AF3D1A9FE3B200F3B79E /* LaunchScreen.xib */ = {
			isa = PBXVariantGroup;
			children = (
				93B5AF3E1A9FE3B200F3B79E /* Base */,
			);
			name = LaunchScreen.xib;
			sourceTree = "<group>";
		};
/* End PBXVariantGroup section */

/* Begin XCBuildConfiguration section */
		93B5AF4C1A9FE3B300F3B79E /* Debug */ = {
			isa = XCBuildConfiguration;
			buildSettings = {
				ALWAYS_SEARCH_USER_PATHS = NO;
				CLANG_CXX_LANGUAGE_STANDARD = "gnu++0x";
				CLANG_CXX_LIBRARY = "libc++";
				CLANG_ENABLE_MODULES = YES;
				CLANG_ENABLE_OBJC_ARC = YES;
				CLANG_WARN_BOOL_CONVERSION = YES;
				CLANG_WARN_CONSTANT_CONVERSION = YES;
				CLANG_WARN_DIRECT_OBJC_ISA_USAGE = YES_ERROR;
				CLANG_WARN_EMPTY_BODY = YES;
				CLANG_WARN_ENUM_CONVERSION = YES;
				CLANG_WARN_INT_CONVERSION = YES;
				CLANG_WARN_OBJC_ROOT_CLASS = YES_ERROR;
				CLANG_WARN_UNREACHABLE_CODE = YES;
				CLANG_WARN__DUPLICATE_METHOD_MATCH = YES;
				"CODE_SIGN_IDENTITY[sdk=iphoneos*]" = "iPhone Developer";
				COPY_PHASE_STRIP = NO;
				ENABLE_STRICT_OBJC_MSGSEND = YES;
				GCC_C_LANGUAGE_STANDARD = gnu99;
				GCC_DYNAMIC_NO_PIC = NO;
				GCC_OPTIMIZATION_LEVEL = 0;
				GCC_PREPROCESSOR_DEFINITIONS = (
					"DEBUG=1",
					"$(inherited)",
				);
				GCC_SYMBOLS_PRIVATE_EXTERN = NO;
				GCC_WARN_64_TO_32_BIT_CONVERSION = YES;
				GCC_WARN_ABOUT_RETURN_TYPE = YES_ERROR;
				GCC_WARN_UNDECLARED_SELECTOR = YES;
				GCC_WARN_UNINITIALIZED_AUTOS = YES_AGGRESSIVE;
				GCC_WARN_UNUSED_FUNCTION = YES;
				GCC_WARN_UNUSED_VARIABLE = YES;
				IPHONEOS_DEPLOYMENT_TARGET = 8.1;
				MTL_ENABLE_DEBUG_INFO = YES;
				ONLY_ACTIVE_ARCH = YES;
				SDKROOT = iphoneos;
				SWIFT_OPTIMIZATION_LEVEL = "-Onone";
			};
			name = Debug;
		};
		93B5AF4D1A9FE3B300F3B79E /* Release */ = {
			isa = XCBuildConfiguration;
			buildSettings = {
				ALWAYS_SEARCH_USER_PATHS = NO;
				CLANG_CXX_LANGUAGE_STANDARD = "gnu++0x";
				CLANG_CXX_LIBRARY = "libc++";
				CLANG_ENABLE_MODULES = YES;
				CLANG_ENABLE_OBJC_ARC = YES;
				CLANG_WARN_BOOL_CONVERSION = YES;
				CLANG_WARN_CONSTANT_CONVERSION = YES;
				CLANG_WARN_DIRECT_OBJC_ISA_USAGE = YES_ERROR;
				CLANG_WARN_EMPTY_BODY = YES;
				CLANG_WARN_ENUM_CONVERSION = YES;
				CLANG_WARN_INT_CONVERSION = YES;
				CLANG_WARN_OBJC_ROOT_CLASS = YES_ERROR;
				CLANG_WARN_UNREACHABLE_CODE = YES;
				CLANG_WARN__DUPLICATE_METHOD_MATCH = YES;
				"CODE_SIGN_IDENTITY[sdk=iphoneos*]" = "iPhone Developer";
				COPY_PHASE_STRIP = YES;
				ENABLE_NS_ASSERTIONS = NO;
				ENABLE_STRICT_OBJC_MSGSEND = YES;
				GCC_C_LANGUAGE_STANDARD = gnu99;
				GCC_WARN_64_TO_32_BIT_CONVERSION = YES;
				GCC_WARN_ABOUT_RETURN_TYPE = YES_ERROR;
				GCC_WARN_UNDECLARED_SELECTOR = YES;
				GCC_WARN_UNINITIALIZED_AUTOS = YES_AGGRESSIVE;
				GCC_WARN_UNUSED_FUNCTION = YES;
				GCC_WARN_UNUSED_VARIABLE = YES;
				IPHONEOS_DEPLOYMENT_TARGET = 8.1;
				MTL_ENABLE_DEBUG_INFO = NO;
				SDKROOT = iphoneos;
				VALIDATE_PRODUCT = YES;
			};
			name = Release;
		};
		93B5AF4F1A9FE3B300F3B79E /* Debug */ = {
			isa = XCBuildConfiguration;
			buildSettings = {
				ASSETCATALOG_COMPILER_APPICON_NAME = AppIcon;
				INFOPLIST_FILE = "school checker/Info.plist";
				LD_RUNPATH_SEARCH_PATHS = "$(inherited) @executable_path/Frameworks";
				PRODUCT_NAME = "$(TARGET_NAME)";
			};
			name = Debug;
		};
		93B5AF501A9FE3B300F3B79E /* Release */ = {
			isa = XCBuildConfiguration;
			buildSettings = {
				ASSETCATALOG_COMPILER_APPICON_NAME = AppIcon;
				INFOPLIST_FILE = "school checker/Info.plist";
				LD_RUNPATH_SEARCH_PATHS = "$(inherited) @executable_path/Frameworks";
				PRODUCT_NAME = "$(TARGET_NAME)";
			};
			name = Release;
		};
		93B5AF521A9FE3B300F3B79E /* Debug */ = {
			isa = XCBuildConfiguration;
			buildSettings = {
				BUNDLE_LOADER = "$(TEST_HOST)";
				FRAMEWORK_SEARCH_PATHS = (
					"$(SDKROOT)/Developer/Library/Frameworks",
					"$(inherited)",
				);
				GCC_PREPROCESSOR_DEFINITIONS = (
					"DEBUG=1",
					"$(inherited)",
				);
				INFOPLIST_FILE = "school checkerTests/Info.plist";
				LD_RUNPATH_SEARCH_PATHS = "$(inherited) @executable_path/Frameworks @loader_path/Frameworks";
				PRODUCT_NAME = "$(TARGET_NAME)";
				TEST_HOST = "$(BUILT_PRODUCTS_DIR)/school checker.app/school checker";
			};
			name = Debug;
		};
		93B5AF531A9FE3B300F3B79E /* Release */ = {
			isa = XCBuildConfiguration;
			buildSettings = {
				BUNDLE_LOADER = "$(TEST_HOST)";
				FRAMEWORK_SEARCH_PATHS = (
					"$(SDKROOT)/Developer/Library/Frameworks",
					"$(inherited)",
				);
				INFOPLIST_FILE = "school checkerTests/Info.plist";
				LD_RUNPATH_SEARCH_PATHS = "$(inherited) @executable_path/Frameworks @loader_path/Frameworks";
				PRODUCT_NAME = "$(TARGET_NAME)";
				TEST_HOST = "$(BUILT_PRODUCTS_DIR)/school checker.app/school checker";
			};
			name = Release;
		};
/* End XCBuildConfiguration section */

/* Begin XCConfigurationList section */
		93B5AF2A1A9FE3B100F3B79E /* Build configuration list for PBXProject "school checker" */ = {
			isa = XCConfigurationList;
			buildConfigurations = (
				93B5AF4C1A9FE3B300F3B79E /* Debug */,
				93B5AF4D1A9FE3B300F3B79E /* Release */,
			);
			defaultConfigurationIsVisible = 0;
			defaultConfigurationName = Release;
		};
		93B5AF4E1A9FE3B300F3B79E /* Build configuration list for PBXNativeTarget "school checker" */ = {
			isa = XCConfigurationList;
			buildConfigurations = (
				93B5AF4F1A9FE3B300F3B79E /* Debug */,
				93B5AF501A9FE3B300F3B79E /* Release */,
			);
			defaultConfigurationIsVisible = 0;
		};
		93B5AF511A9FE3B300F3B79E /* Build configuration list for PBXNativeTarget "school checkerTests" */ = {
			isa = XCConfigurationList;
			buildConfigurations = (
				93B5AF521A9FE3B300F3B79E /* Debug */,
				93B5AF531A9FE3B300F3B79E /* Release */,
			);
			defaultConfigurationIsVisible = 0;
		};
/* End XCConfigurationList section */
	};
	rootObject = 93B5AF271A9FE3B100F3B79E /* Project object */;
}
